// !$*UTF8*$!
{
	archiveVersion = 1;
	classes = {
	};
	objectVersion = 46;
	objects = {

/* Begin PBXBuildFile section */
		B7047AA517F1F61D00B1B752 /* Security.framework in Frameworks */ = {isa = PBXBuildFile; fileRef = B77550DA17F081140029CBB0 /* Security.framework */; };
		B775508B17F080460029CBB0 /* Cocoa.framework in Frameworks */ = {isa = PBXBuildFile; fileRef = B775508A17F080460029CBB0 /* Cocoa.framework */; };
		B775509517F080460029CBB0 /* InfoPlist.strings in Resources */ = {isa = PBXBuildFile; fileRef = B775509317F080460029CBB0 /* InfoPlist.strings */; };
		B775509717F080460029CBB0 /* main.m in Sources */ = {isa = PBXBuildFile; fileRef = B775509617F080460029CBB0 /* main.m */; };
		B775509B17F080460029CBB0 /* Credits.rtf in Resources */ = {isa = PBXBuildFile; fileRef = B775509917F080460029CBB0 /* Credits.rtf */; };
		B775509E17F080460029CBB0 /* AppDelegate.m in Sources */ = {isa = PBXBuildFile; fileRef = B775509D17F080460029CBB0 /* AppDelegate.m */; };
		B77550A117F080460029CBB0 /* MainMenu.xib in Resources */ = {isa = PBXBuildFile; fileRef = B775509F17F080460029CBB0 /* MainMenu.xib */; };
		B77550A317F080460029CBB0 /* Images.xcassets in Resources */ = {isa = PBXBuildFile; fileRef = B77550A217F080460029CBB0 /* Images.xcassets */; };
		B77550AA17F080460029CBB0 /* XCTest.framework in Frameworks */ = {isa = PBXBuildFile; fileRef = B77550A917F080460029CBB0 /* XCTest.framework */; };
		B77550AB17F080460029CBB0 /* Cocoa.framework in Frameworks */ = {isa = PBXBuildFile; fileRef = B775508A17F080460029CBB0 /* Cocoa.framework */; };
		B77550B317F080460029CBB0 /* InfoPlist.strings in Resources */ = {isa = PBXBuildFile; fileRef = B77550B117F080460029CBB0 /* InfoPlist.strings */; };
		B77550B517F080460029CBB0 /* EnteringOrbitTests.m in Sources */ = {isa = PBXBuildFile; fileRef = B77550B417F080460029CBB0 /* EnteringOrbitTests.m */; };
		B77550D017F0808D0029CBB0 /* KSMessenger.m in Sources */ = {isa = PBXBuildFile; fileRef = B77550C517F0808D0029CBB0 /* KSMessenger.m */; };
		B77550D117F0808D0029CBB0 /* KSMessenger.m in Sources */ = {isa = PBXBuildFile; fileRef = B77550C517F0808D0029CBB0 /* KSMessenger.m */; };
		B77550D217F0808D0029CBB0 /* base64.c in Sources */ = {isa = PBXBuildFile; fileRef = B77550C717F0808D0029CBB0 /* base64.c */; };
		B77550D317F0808D0029CBB0 /* base64.c in Sources */ = {isa = PBXBuildFile; fileRef = B77550C717F0808D0029CBB0 /* base64.c */; };
		B77550D417F0808D0029CBB0 /* NSData+SRB64Additions.m in Sources */ = {isa = PBXBuildFile; fileRef = B77550CA17F0808D0029CBB0 /* NSData+SRB64Additions.m */; };
		B77550D517F0808D0029CBB0 /* NSData+SRB64Additions.m in Sources */ = {isa = PBXBuildFile; fileRef = B77550CA17F0808D0029CBB0 /* NSData+SRB64Additions.m */; };
		B77550D617F0808D0029CBB0 /* SRWebSocket.m in Sources */ = {isa = PBXBuildFile; fileRef = B77550CD17F0808D0029CBB0 /* SRWebSocket.m */; };
		B77550D717F0808D0029CBB0 /* SRWebSocket.m in Sources */ = {isa = PBXBuildFile; fileRef = B77550CD17F0808D0029CBB0 /* SRWebSocket.m */; };
		B77550D817F0808D0029CBB0 /* WebSocketClientController.m in Sources */ = {isa = PBXBuildFile; fileRef = B77550CF17F0808D0029CBB0 /* WebSocketClientController.m */; };
		B77550D917F0808D0029CBB0 /* WebSocketClientController.m in Sources */ = {isa = PBXBuildFile; fileRef = B77550CF17F0808D0029CBB0 /* WebSocketClientController.m */; };
		B77550DB17F081140029CBB0 /* Security.framework in Frameworks */ = {isa = PBXBuildFile; fileRef = B77550DA17F081140029CBB0 /* Security.framework */; };
		B77550DE17F082FB0029CBB0 /* EntreringOrbit.m in Sources */ = {isa = PBXBuildFile; fileRef = B77550DD17F082FB0029CBB0 /* EntreringOrbit.m */; };
		B77550DF17F082FB0029CBB0 /* EntreringOrbit.m in Sources */ = {isa = PBXBuildFile; fileRef = B77550DD17F082FB0029CBB0 /* EntreringOrbit.m */; };
/* End PBXBuildFile section */

/* Begin PBXContainerItemProxy section */
		B77550AC17F080460029CBB0 /* PBXContainerItemProxy */ = {
			isa = PBXContainerItemProxy;
			containerPortal = B775507F17F080460029CBB0 /* Project object */;
			proxyType = 1;
			remoteGlobalIDString = B775508617F080460029CBB0;
			remoteInfo = EnteringOrbit;
		};
/* End PBXContainerItemProxy section */

/* Begin PBXFileReference section */
		B7047AA317F1F61200B1B752 /* Accelerate.framework */ = {isa = PBXFileReference; lastKnownFileType = wrapper.framework; name = Accelerate.framework; path = System/Library/Frameworks/Accelerate.framework; sourceTree = SDKROOT; };
		B7047AA617F1F7D000B1B752 /* TestParams.h */ = {isa = PBXFileReference; fileEncoding = 4; lastKnownFileType = sourcecode.c.h; path = TestParams.h; sourceTree = "<group>"; };
		B775508717F080460029CBB0 /* EnteringOrbit.app */ = {isa = PBXFileReference; explicitFileType = wrapper.application; includeInIndex = 0; path = EnteringOrbit.app; sourceTree = BUILT_PRODUCTS_DIR; };
		B775508A17F080460029CBB0 /* Cocoa.framework */ = {isa = PBXFileReference; lastKnownFileType = wrapper.framework; name = Cocoa.framework; path = System/Library/Frameworks/Cocoa.framework; sourceTree = SDKROOT; };
		B775508D17F080460029CBB0 /* AppKit.framework */ = {isa = PBXFileReference; lastKnownFileType = wrapper.framework; name = AppKit.framework; path = System/Library/Frameworks/AppKit.framework; sourceTree = SDKROOT; };
		B775508E17F080460029CBB0 /* CoreData.framework */ = {isa = PBXFileReference; lastKnownFileType = wrapper.framework; name = CoreData.framework; path = System/Library/Frameworks/CoreData.framework; sourceTree = SDKROOT; };
		B775508F17F080460029CBB0 /* Foundation.framework */ = {isa = PBXFileReference; lastKnownFileType = wrapper.framework; name = Foundation.framework; path = System/Library/Frameworks/Foundation.framework; sourceTree = SDKROOT; };
		B775509217F080460029CBB0 /* EnteringOrbit-Info.plist */ = {isa = PBXFileReference; lastKnownFileType = text.plist.xml; path = "EnteringOrbit-Info.plist"; sourceTree = "<group>"; };
		B775509417F080460029CBB0 /* en */ = {isa = PBXFileReference; lastKnownFileType = text.plist.strings; name = en; path = en.lproj/InfoPlist.strings; sourceTree = "<group>"; };
		B775509617F080460029CBB0 /* main.m */ = {isa = PBXFileReference; lastKnownFileType = sourcecode.c.objc; path = main.m; sourceTree = "<group>"; };
		B775509817F080460029CBB0 /* EnteringOrbit-Prefix.pch */ = {isa = PBXFileReference; lastKnownFileType = sourcecode.c.h; path = "EnteringOrbit-Prefix.pch"; sourceTree = "<group>"; };
		B775509A17F080460029CBB0 /* en */ = {isa = PBXFileReference; lastKnownFileType = text.rtf; name = en; path = en.lproj/Credits.rtf; sourceTree = "<group>"; };
		B775509C17F080460029CBB0 /* AppDelegate.h */ = {isa = PBXFileReference; lastKnownFileType = sourcecode.c.h; path = AppDelegate.h; sourceTree = "<group>"; };
		B775509D17F080460029CBB0 /* AppDelegate.m */ = {isa = PBXFileReference; lastKnownFileType = sourcecode.c.objc; path = AppDelegate.m; sourceTree = "<group>"; };
		B77550A017F080460029CBB0 /* Base */ = {isa = PBXFileReference; lastKnownFileType = file.xib; name = Base; path = Base.lproj/MainMenu.xib; sourceTree = "<group>"; };
		B77550A217F080460029CBB0 /* Images.xcassets */ = {isa = PBXFileReference; lastKnownFileType = folder.assetcatalog; path = Images.xcassets; sourceTree = "<group>"; };
		B77550A817F080460029CBB0 /* EnteringOrbitTests.xctest */ = {isa = PBXFileReference; explicitFileType = wrapper.cfbundle; includeInIndex = 0; path = EnteringOrbitTests.xctest; sourceTree = BUILT_PRODUCTS_DIR; };
		B77550A917F080460029CBB0 /* XCTest.framework */ = {isa = PBXFileReference; lastKnownFileType = wrapper.framework; name = XCTest.framework; path = Library/Frameworks/XCTest.framework; sourceTree = DEVELOPER_DIR; };
		B77550B017F080460029CBB0 /* EnteringOrbitTests-Info.plist */ = {isa = PBXFileReference; lastKnownFileType = text.plist.xml; path = "EnteringOrbitTests-Info.plist"; sourceTree = "<group>"; };
		B77550B217F080460029CBB0 /* en */ = {isa = PBXFileReference; lastKnownFileType = text.plist.strings; name = en; path = en.lproj/InfoPlist.strings; sourceTree = "<group>"; };
		B77550B417F080460029CBB0 /* EnteringOrbitTests.m */ = {isa = PBXFileReference; lastKnownFileType = sourcecode.c.objc; path = EnteringOrbitTests.m; sourceTree = "<group>"; };
		B77550C417F0808D0029CBB0 /* KSMessenger.h */ = {isa = PBXFileReference; fileEncoding = 4; lastKnownFileType = sourcecode.c.h; path = KSMessenger.h; sourceTree = "<group>"; };
		B77550C517F0808D0029CBB0 /* KSMessenger.m */ = {isa = PBXFileReference; fileEncoding = 4; lastKnownFileType = sourcecode.c.objc; path = KSMessenger.m; sourceTree = "<group>"; };
		B77550C717F0808D0029CBB0 /* base64.c */ = {isa = PBXFileReference; fileEncoding = 4; lastKnownFileType = sourcecode.c.c; path = base64.c; sourceTree = "<group>"; };
		B77550C817F0808D0029CBB0 /* base64.h */ = {isa = PBXFileReference; fileEncoding = 4; lastKnownFileType = sourcecode.c.h; path = base64.h; sourceTree = "<group>"; };
		B77550C917F0808D0029CBB0 /* NSData+SRB64Additions.h */ = {isa = PBXFileReference; fileEncoding = 4; lastKnownFileType = sourcecode.c.h; path = "NSData+SRB64Additions.h"; sourceTree = "<group>"; };
		B77550CA17F0808D0029CBB0 /* NSData+SRB64Additions.m */ = {isa = PBXFileReference; fileEncoding = 4; lastKnownFileType = sourcecode.c.objc; path = "NSData+SRB64Additions.m"; sourceTree = "<group>"; };
		B77550CB17F0808D0029CBB0 /* SocketRocket-Prefix.pch */ = {isa = PBXFileReference; fileEncoding = 4; lastKnownFileType = sourcecode.c.h; path = "SocketRocket-Prefix.pch"; sourceTree = "<group>"; };
		B77550CC17F0808D0029CBB0 /* SRWebSocket.h */ = {isa = PBXFileReference; fileEncoding = 4; lastKnownFileType = sourcecode.c.h; path = SRWebSocket.h; sourceTree = "<group>"; };
		B77550CD17F0808D0029CBB0 /* SRWebSocket.m */ = {isa = PBXFileReference; fileEncoding = 4; lastKnownFileType = sourcecode.c.objc; path = SRWebSocket.m; sourceTree = "<group>"; };
		B77550CE17F0808D0029CBB0 /* WebSocketClientController.h */ = {isa = PBXFileReference; fileEncoding = 4; lastKnownFileType = sourcecode.c.h; path = WebSocketClientController.h; sourceTree = "<group>"; };
		B77550CF17F0808D0029CBB0 /* WebSocketClientController.m */ = {isa = PBXFileReference; fileEncoding = 4; lastKnownFileType = sourcecode.c.objc; path = WebSocketClientController.m; sourceTree = "<group>"; };
		B77550DA17F081140029CBB0 /* Security.framework */ = {isa = PBXFileReference; lastKnownFileType = wrapper.framework; name = Security.framework; path = System/Library/Frameworks/Security.framework; sourceTree = SDKROOT; };
		B77550DC17F082FB0029CBB0 /* EntreringOrbit.h */ = {isa = PBXFileReference; fileEncoding = 4; lastKnownFileType = sourcecode.c.h; path = EntreringOrbit.h; sourceTree = "<group>"; };
		B77550DD17F082FB0029CBB0 /* EntreringOrbit.m */ = {isa = PBXFileReference; fileEncoding = 4; lastKnownFileType = sourcecode.c.objc; path = EntreringOrbit.m; sourceTree = "<group>"; };
/* End PBXFileReference section */

/* Begin PBXFrameworksBuildPhase section */
		B775508417F080460029CBB0 /* Frameworks */ = {
			isa = PBXFrameworksBuildPhase;
			buildActionMask = 2147483647;
			files = (
				B77550DB17F081140029CBB0 /* Security.framework in Frameworks */,
				B775508B17F080460029CBB0 /* Cocoa.framework in Frameworks */,
			);
			runOnlyForDeploymentPostprocessing = 0;
		};
		B77550A517F080460029CBB0 /* Frameworks */ = {
			isa = PBXFrameworksBuildPhase;
			buildActionMask = 2147483647;
			files = (
				B7047AA517F1F61D00B1B752 /* Security.framework in Frameworks */,
				B77550AB17F080460029CBB0 /* Cocoa.framework in Frameworks */,
				B77550AA17F080460029CBB0 /* XCTest.framework in Frameworks */,
			);
			runOnlyForDeploymentPostprocessing = 0;
		};
/* End PBXFrameworksBuildPhase section */

/* Begin PBXGroup section */
		B775507E17F080460029CBB0 = {
			isa = PBXGroup;
			children = (
				B77550C317F0808D0029CBB0 /* KSMessenger */,
				B77550C617F0808D0029CBB0 /* SocketRocket */,
				B775509017F080460029CBB0 /* EnteringOrbit */,
				B77550AE17F080460029CBB0 /* EnteringOrbitTests */,
				B775508917F080460029CBB0 /* Frameworks */,
				B775508817F080460029CBB0 /* Products */,
			);
			sourceTree = "<group>";
		};
		B775508817F080460029CBB0 /* Products */ = {
			isa = PBXGroup;
			children = (
				B775508717F080460029CBB0 /* EnteringOrbit.app */,
				B77550A817F080460029CBB0 /* EnteringOrbitTests.xctest */,
			);
			name = Products;
			sourceTree = "<group>";
		};
		B775508917F080460029CBB0 /* Frameworks */ = {
			isa = PBXGroup;
			children = (
				B7047AA317F1F61200B1B752 /* Accelerate.framework */,
				B77550DA17F081140029CBB0 /* Security.framework */,
				B775508A17F080460029CBB0 /* Cocoa.framework */,
				B77550A917F080460029CBB0 /* XCTest.framework */,
				B775508C17F080460029CBB0 /* Other Frameworks */,
			);
			name = Frameworks;
			sourceTree = "<group>";
		};
		B775508C17F080460029CBB0 /* Other Frameworks */ = {
			isa = PBXGroup;
			children = (
				B775508D17F080460029CBB0 /* AppKit.framework */,
				B775508E17F080460029CBB0 /* CoreData.framework */,
				B775508F17F080460029CBB0 /* Foundation.framework */,
			);
			name = "Other Frameworks";
			sourceTree = "<group>";
		};
		B775509017F080460029CBB0 /* EnteringOrbit */ = {
			isa = PBXGroup;
			children = (
				B775509C17F080460029CBB0 /* AppDelegate.h */,
				B775509D17F080460029CBB0 /* AppDelegate.m */,
				B775509F17F080460029CBB0 /* MainMenu.xib */,
				B77550A217F080460029CBB0 /* Images.xcassets */,
				B775509117F080460029CBB0 /* Supporting Files */,
			);
			path = EnteringOrbit;
			sourceTree = "<group>";
		};
		B775509117F080460029CBB0 /* Supporting Files */ = {
			isa = PBXGroup;
			children = (
				B775509217F080460029CBB0 /* EnteringOrbit-Info.plist */,
				B775509317F080460029CBB0 /* InfoPlist.strings */,
				B775509617F080460029CBB0 /* main.m */,
				B775509817F080460029CBB0 /* EnteringOrbit-Prefix.pch */,
				B775509917F080460029CBB0 /* Credits.rtf */,
				B77550DC17F082FB0029CBB0 /* EntreringOrbit.h */,
				B77550DD17F082FB0029CBB0 /* EntreringOrbit.m */,
			);
			name = "Supporting Files";
			sourceTree = "<group>";
		};
		B77550AE17F080460029CBB0 /* EnteringOrbitTests */ = {
			isa = PBXGroup;
			children = (
				B77550B417F080460029CBB0 /* EnteringOrbitTests.m */,
				B77550AF17F080460029CBB0 /* Supporting Files */,
				B7047AA617F1F7D000B1B752 /* TestParams.h */,
			);
			path = EnteringOrbitTests;
			sourceTree = "<group>";
		};
		B77550AF17F080460029CBB0 /* Supporting Files */ = {
			isa = PBXGroup;
			children = (
				B77550B017F080460029CBB0 /* EnteringOrbitTests-Info.plist */,
				B77550B117F080460029CBB0 /* InfoPlist.strings */,
			);
			name = "Supporting Files";
			sourceTree = "<group>";
		};
		B77550C317F0808D0029CBB0 /* KSMessenger */ = {
			isa = PBXGroup;
			children = (
				B77550C417F0808D0029CBB0 /* KSMessenger.h */,
				B77550C517F0808D0029CBB0 /* KSMessenger.m */,
			);
			path = KSMessenger;
			sourceTree = "<group>";
		};
		B77550C617F0808D0029CBB0 /* SocketRocket */ = {
			isa = PBXGroup;
			children = (
				B77550C717F0808D0029CBB0 /* base64.c */,
				B77550C817F0808D0029CBB0 /* base64.h */,
				B77550C917F0808D0029CBB0 /* NSData+SRB64Additions.h */,
				B77550CA17F0808D0029CBB0 /* NSData+SRB64Additions.m */,
				B77550CB17F0808D0029CBB0 /* SocketRocket-Prefix.pch */,
				B77550CC17F0808D0029CBB0 /* SRWebSocket.h */,
				B77550CD17F0808D0029CBB0 /* SRWebSocket.m */,
				B77550CE17F0808D0029CBB0 /* WebSocketClientController.h */,
				B77550CF17F0808D0029CBB0 /* WebSocketClientController.m */,
			);
			path = SocketRocket;
			sourceTree = "<group>";
		};
/* End PBXGroup section */

/* Begin PBXNativeTarget section */
		B775508617F080460029CBB0 /* EnteringOrbit */ = {
			isa = PBXNativeTarget;
			buildConfigurationList = B77550B817F080460029CBB0 /* Build configuration list for PBXNativeTarget "EnteringOrbit" */;
			buildPhases = (
				B775508317F080460029CBB0 /* Sources */,
				B775508417F080460029CBB0 /* Frameworks */,
				B775508517F080460029CBB0 /* Resources */,
			);
			buildRules = (
			);
			dependencies = (
			);
			name = EnteringOrbit;
			productName = EnteringOrbit;
			productReference = B775508717F080460029CBB0 /* EnteringOrbit.app */;
			productType = "com.apple.product-type.application";
		};
		B77550A717F080460029CBB0 /* EnteringOrbitTests */ = {
			isa = PBXNativeTarget;
			buildConfigurationList = B77550BB17F080460029CBB0 /* Build configuration list for PBXNativeTarget "EnteringOrbitTests" */;
			buildPhases = (
				B77550A417F080460029CBB0 /* Sources */,
				B77550A517F080460029CBB0 /* Frameworks */,
				B77550A617F080460029CBB0 /* Resources */,
			);
			buildRules = (
			);
			dependencies = (
				B77550AD17F080460029CBB0 /* PBXTargetDependency */,
			);
			name = EnteringOrbitTests;
			productName = EnteringOrbitTests;
			productReference = B77550A817F080460029CBB0 /* EnteringOrbitTests.xctest */;
			productType = "com.apple.product-type.bundle.unit-test";
		};
/* End PBXNativeTarget section */

/* Begin PBXProject section */
		B775507F17F080460029CBB0 /* Project object */ = {
			isa = PBXProject;
			attributes = {
				LastUpgradeCheck = 0500;
				ORGANIZATIONNAME = sassembla;
				TargetAttributes = {
					B77550A717F080460029CBB0 = {
						TestTargetID = B775508617F080460029CBB0;
					};
				};
			};
			buildConfigurationList = B775508217F080460029CBB0 /* Build configuration list for PBXProject "EnteringOrbit" */;
			compatibilityVersion = "Xcode 3.2";
			developmentRegion = English;
			hasScannedForEncodings = 0;
			knownRegions = (
				en,
				Base,
			);
			mainGroup = B775507E17F080460029CBB0;
			productRefGroup = B775508817F080460029CBB0 /* Products */;
			projectDirPath = "";
			projectRoot = "";
			targets = (
				B775508617F080460029CBB0 /* EnteringOrbit */,
				B77550A717F080460029CBB0 /* EnteringOrbitTests */,
			);
		};
/* End PBXProject section */

/* Begin PBXResourcesBuildPhase section */
		B775508517F080460029CBB0 /* Resources */ = {
			isa = PBXResourcesBuildPhase;
			buildActionMask = 2147483647;
			files = (
				B775509517F080460029CBB0 /* InfoPlist.strings in Resources */,
				B77550A317F080460029CBB0 /* Images.xcassets in Resources */,
				B775509B17F080460029CBB0 /* Credits.rtf in Resources */,
				B77550A117F080460029CBB0 /* MainMenu.xib in Resources */,
			);
			runOnlyForDeploymentPostprocessing = 0;
		};
		B77550A617F080460029CBB0 /* Resources */ = {
			isa = PBXResourcesBuildPhase;
			buildActionMask = 2147483647;
			files = (
				B77550B317F080460029CBB0 /* InfoPlist.strings in Resources */,
			);
			runOnlyForDeploymentPostprocessing = 0;
		};
/* End PBXResourcesBuildPhase section */

/* Begin PBXSourcesBuildPhase section */
		B775508317F080460029CBB0 /* Sources */ = {
			isa = PBXSourcesBuildPhase;
			buildActionMask = 2147483647;
			files = (
				B77550D617F0808D0029CBB0 /* SRWebSocket.m in Sources */,
				B77550DE17F082FB0029CBB0 /* EntreringOrbit.m in Sources */,
				B77550D817F0808D0029CBB0 /* WebSocketClientController.m in Sources */,
				B77550D417F0808D0029CBB0 /* NSData+SRB64Additions.m in Sources */,
				B77550D017F0808D0029CBB0 /* KSMessenger.m in Sources */,
				B775509E17F080460029CBB0 /* AppDelegate.m in Sources */,
				B77550D217F0808D0029CBB0 /* base64.c in Sources */,
				B775509717F080460029CBB0 /* main.m in Sources */,
			);
			runOnlyForDeploymentPostprocessing = 0;
		};
		B77550A417F080460029CBB0 /* Sources */ = {
			isa = PBXSourcesBuildPhase;
			buildActionMask = 2147483647;
			files = (
				B77550D517F0808D0029CBB0 /* NSData+SRB64Additions.m in Sources */,
				B77550B517F080460029CBB0 /* EnteringOrbitTests.m in Sources */,
				B77550D717F0808D0029CBB0 /* SRWebSocket.m in Sources */,
				B77550D317F0808D0029CBB0 /* base64.c in Sources */,
				B77550DF17F082FB0029CBB0 /* EntreringOrbit.m in Sources */,
				B77550D917F0808D0029CBB0 /* WebSocketClientController.m in Sources */,
				B77550D117F0808D0029CBB0 /* KSMessenger.m in Sources */,
			);
			runOnlyForDeploymentPostprocessing = 0;
		};
/* End PBXSourcesBuildPhase section */

/* Begin PBXTargetDependency section */
		B77550AD17F080460029CBB0 /* PBXTargetDependency */ = {
			isa = PBXTargetDependency;
			target = B775508617F080460029CBB0 /* EnteringOrbit */;
			targetProxy = B77550AC17F080460029CBB0 /* PBXContainerItemProxy */;
		};
/* End PBXTargetDependency section */

/* Begin PBXVariantGroup section */
		B775509317F080460029CBB0 /* InfoPlist.strings */ = {
			isa = PBXVariantGroup;
			children = (
				B775509417F080460029CBB0 /* en */,
			);
			name = InfoPlist.strings;
			sourceTree = "<group>";
		};
		B775509917F080460029CBB0 /* Credits.rtf */ = {
			isa = PBXVariantGroup;
			children = (
				B775509A17F080460029CBB0 /* en */,
			);
			name = Credits.rtf;
			sourceTree = "<group>";
		};
		B775509F17F080460029CBB0 /* MainMenu.xib */ = {
			isa = PBXVariantGroup;
			children = (
				B77550A017F080460029CBB0 /* Base */,
			);
			name = MainMenu.xib;
			sourceTree = "<group>";
		};
		B77550B117F080460029CBB0 /* InfoPlist.strings */ = {
			isa = PBXVariantGroup;
			children = (
				B77550B217F080460029CBB0 /* en */,
			);
			name = InfoPlist.strings;
			sourceTree = "<group>";
		};
/* End PBXVariantGroup section */

/* Begin XCBuildConfiguration section */
		B77550B617F080460029CBB0 /* Debug */ = {
			isa = XCBuildConfiguration;
			buildSettings = {
				ALWAYS_SEARCH_USER_PATHS = NO;
				CLANG_CXX_LANGUAGE_STANDARD = "gnu++0x";
				CLANG_CXX_LIBRARY = "libc++";
				CLANG_ENABLE_OBJC_ARC = YES;
				CLANG_WARN_BOOL_CONVERSION = YES;
				CLANG_WARN_CONSTANT_CONVERSION = YES;
				CLANG_WARN_DIRECT_OBJC_ISA_USAGE = YES_ERROR;
				CLANG_WARN_EMPTY_BODY = YES;
				CLANG_WARN_ENUM_CONVERSION = YES;
				CLANG_WARN_INT_CONVERSION = YES;
				CLANG_WARN_OBJC_ROOT_CLASS = YES_ERROR;
				CLANG_WARN__DUPLICATE_METHOD_MATCH = YES;
				COPY_PHASE_STRIP = NO;
				GCC_C_LANGUAGE_STANDARD = gnu99;
				GCC_DYNAMIC_NO_PIC = NO;
				GCC_ENABLE_OBJC_EXCEPTIONS = YES;
				GCC_OPTIMIZATION_LEVEL = 0;
				GCC_PREPROCESSOR_DEFINITIONS = (
					"DEBUG=1",
					"$(inherited)",
				);
				GCC_SYMBOLS_PRIVATE_EXTERN = NO;
				GCC_WARN_64_TO_32_BIT_CONVERSION = YES;
				GCC_WARN_ABOUT_RETURN_TYPE = YES_ERROR;
				GCC_WARN_UNDECLARED_SELECTOR = YES;
				GCC_WARN_UNINITIALIZED_AUTOS = YES;
				GCC_WARN_UNUSED_FUNCTION = YES;
				GCC_WARN_UNUSED_VARIABLE = YES;
				MACOSX_DEPLOYMENT_TARGET = 10.8;
				ONLY_ACTIVE_ARCH = YES;
				SDKROOT = macosx;
			};
			name = Debug;
		};
		B77550B717F080460029CBB0 /* Release */ = {
			isa = XCBuildConfiguration;
			buildSettings = {
				ALWAYS_SEARCH_USER_PATHS = NO;
				CLANG_CXX_LANGUAGE_STANDARD = "gnu++0x";
				CLANG_CXX_LIBRARY = "libc++";
				CLANG_ENABLE_OBJC_ARC = YES;
				CLANG_WARN_BOOL_CONVERSION = YES;
				CLANG_WARN_CONSTANT_CONVERSION = YES;
				CLANG_WARN_DIRECT_OBJC_ISA_USAGE = YES_ERROR;
				CLANG_WARN_EMPTY_BODY = YES;
				CLANG_WARN_ENUM_CONVERSION = YES;
				CLANG_WARN_INT_CONVERSION = YES;
				CLANG_WARN_OBJC_ROOT_CLASS = YES_ERROR;
				CLANG_WARN__DUPLICATE_METHOD_MATCH = YES;
				COPY_PHASE_STRIP = YES;
				DEBUG_INFORMATION_FORMAT = "dwarf-with-dsym";
				ENABLE_NS_ASSERTIONS = NO;
				GCC_C_LANGUAGE_STANDARD = gnu99;
				GCC_ENABLE_OBJC_EXCEPTIONS = YES;
				GCC_WARN_64_TO_32_BIT_CONVERSION = YES;
				GCC_WARN_ABOUT_RETURN_TYPE = YES_ERROR;
				GCC_WARN_UNDECLARED_SELECTOR = YES;
				GCC_WARN_UNINITIALIZED_AUTOS = YES;
				GCC_WARN_UNUSED_FUNCTION = YES;
				GCC_WARN_UNUSED_VARIABLE = YES;
				MACOSX_DEPLOYMENT_TARGET = 10.8;
				SDKROOT = macosx;
			};
			name = Release;
		};
		B77550B917F080460029CBB0 /* Debug */ = {
			isa = XCBuildConfiguration;
			buildSettings = {
				ASSETCATALOG_COMPILER_APPICON_NAME = AppIcon;
				COMBINE_HIDPI_IMAGES = YES;
				GCC_PRECOMPILE_PREFIX_HEADER = YES;
				GCC_PREFIX_HEADER = "EnteringOrbit/EnteringOrbit-Prefix.pch";
				INFOPLIST_FILE = "EnteringOrbit/EnteringOrbit-Info.plist";
				PRODUCT_NAME = "$(TARGET_NAME)";
				WRAPPER_EXTENSION = app;
			};
			name = Debug;
		};
		B77550BA17F080460029CBB0 /* Release */ = {
			isa = XCBuildConfiguration;
			buildSettings = {
				ASSETCATALOG_COMPILER_APPICON_NAME = AppIcon;
				COMBINE_HIDPI_IMAGES = YES;
				GCC_PRECOMPILE_PREFIX_HEADER = YES;
				GCC_PREFIX_HEADER = "EnteringOrbit/EnteringOrbit-Prefix.pch";
				INFOPLIST_FILE = "EnteringOrbit/EnteringOrbit-Info.plist";
				PRODUCT_NAME = "$(TARGET_NAME)";
				WRAPPER_EXTENSION = app;
			};
			name = Release;
		};
		B77550BC17F080460029CBB0 /* Debug */ = {
			isa = XCBuildConfiguration;
			buildSettings = {
				BUNDLE_LOADER = "$(BUILT_PRODUCTS_DIR)/EnteringOrbit.app/Contents/MacOS/EnteringOrbit";
				COMBINE_HIDPI_IMAGES = YES;
				FRAMEWORK_SEARCH_PATHS = (
					"$(DEVELOPER_FRAMEWORKS_DIR)",
					"$(inherited)",
				);
				GCC_PRECOMPILE_PREFIX_HEADER = YES;
				GCC_PREFIX_HEADER = "EnteringOrbit/EnteringOrbit-Prefix.pch";
				GCC_PREPROCESSOR_DEFINITIONS = (
					"DEBUG=1",
					"$(inherited)",
				);
				INFOPLIST_FILE = "EnteringOrbitTests/EnteringOrbitTests-Info.plist";
				PRODUCT_NAME = "$(TARGET_NAME)";
				TEST_HOST = "$(BUNDLE_LOADER)";
				WRAPPER_EXTENSION = xctest;
			};
			name = Debug;
		};
		B77550BD17F080460029CBB0 /* Release */ = {
			isa = XCBuildConfiguration;
			buildSettings = {
				BUNDLE_LOADER = "$(BUILT_PRODUCTS_DIR)/EnteringOrbit.app/Contents/MacOS/EnteringOrbit";
				COMBINE_HIDPI_IMAGES = YES;
				FRAMEWORK_SEARCH_PATHS = (
					"$(DEVELOPER_FRAMEWORKS_DIR)",
					"$(inherited)",
				);
				GCC_PRECOMPILE_PREFIX_HEADER = YES;
				GCC_PREFIX_HEADER = "EnteringOrbit/EnteringOrbit-Prefix.pch";
				INFOPLIST_FILE = "EnteringOrbitTests/EnteringOrbitTests-Info.plist";
				PRODUCT_NAME = "$(TARGET_NAME)";
				TEST_HOST = "$(BUNDLE_LOADER)";
				WRAPPER_EXTENSION = xctest;
			};
			name = Release;
		};
/* End XCBuildConfiguration section */

/* Begin XCConfigurationList section */
		B775508217F080460029CBB0 /* Build configuration list for PBXProject "EnteringOrbit" */ = {
			isa = XCConfigurationList;
			buildConfigurations = (
				B77550B617F080460029CBB0 /* Debug */,
				B77550B717F080460029CBB0 /* Release */,
			);
			defaultConfigurationIsVisible = 0;
			defaultConfigurationName = Release;
		};
		B77550B817F080460029CBB0 /* Build configuration list for PBXNativeTarget "EnteringOrbit" */ = {
			isa = XCConfigurationList;
			buildConfigurations = (
				B77550B917F080460029CBB0 /* Debug */,
				B77550BA17F080460029CBB0 /* Release */,
			);
			defaultConfigurationIsVisible = 0;
			defaultConfigurationName = Release;
		};
		B77550BB17F080460029CBB0 /* Build configuration list for PBXNativeTarget "EnteringOrbitTests" */ = {
			isa = XCConfigurationList;
			buildConfigurations = (
				B77550BC17F080460029CBB0 /* Debug */,
				B77550BD17F080460029CBB0 /* Release */,
			);
			defaultConfigurationIsVisible = 0;
			defaultConfigurationName = Release;
		};
/* End XCConfigurationList section */
	};
	rootObject = B775507F17F080460029CBB0 /* Project object */;
}
